
Microsoft Visual Studio Solution File, Format Version 12.00
# Visual Studio Version 16
VisualStudioVersion = 16.0.30907.101
MinimumVisualStudioVersion = 10.0.40219.1
Project("{8BC9CEB8-8B4A-11D0-8D11-00A0C91BC942}") = "AIP_11", "AIP_11.vcxproj", "{85C661E1-793F-4A96-832D-D346943A70E4}"
EndProject
Global
	GlobalSection(SolutionConfigurationPlatforms) = preSolution
		Debug|x64 = Debug|x64
		Debug|x86 = Debug|x86
		Release|x64 = Release|x64
		Release|x86 = Release|x86
	EndGlobalSection
	GlobalSection(ProjectConfigurationPlatforms) = postSolution
		{85C661E1-793F-4A96-832D-D346943A70E4}.Debug|x64.ActiveCfg = Debug|x64
		{85C661E1-793F-4A96-832D-D346943A70E4}.Debug|x64.Build.0 = Debug|x64
		{85C661E1-793F-4A96-832D-D346943A70E4}.Debug|x86.ActiveCfg = Debug|Win32
		{85C661E1-793F-4A96-832D-D346943A70E4}.Debug|x86.Build.0 = Debug|Win32
		{85C661E1-793F-4A96-832D-D346943A70E4}.Release|x64.ActiveCfg = Release|x64
		{85C661E1-793F-4A96-832D-D346943A70E4}.Release|x64.Build.0 = Release|x64
		{85C661E1-793F-4A96-832D-D346943A70E4}.Release|x86.ActiveCfg = Release|Win32
		{85C661E1-793F-4A96-832D-D346943A70E4}.Release|x86.Build.0 = Release|Win32
	EndGlobalSection
	GlobalSection(SolutionProperties) = preSolution
		HideSolutionNode = FALSE
	EndGlobalSection
	GlobalSection(ExtensibilityGlobals) = postSolution
		SolutionGuid = {25570F57-2B43-44B1-ACD5-EE3461560F01}
	EndGlobalSection
EndGlobal
